
Microsoft Visual Studio Solution File, Format Version 12.00
# Visual Studio Version 16
VisualStudioVersion = 16.0.32602.291
MinimumVisualStudioVersion = 10.0.40219.1
Project("{FAE04EC0-301F-11D3-BF4B-00C04F79EFBC}") = "Delegate practice and homework", "Delegate practice and homework\Delegate practice and homework.csproj", "{6691C688-7C2D-4948-AD37-47E88B63C9E5}"
EndProject
Global
	GlobalSection(SolutionConfigurationPlatforms) = preSolution
		Debug|Any CPU = Debug|Any CPU
		Release|Any CPU = Release|Any CPU
	EndGlobalSection
	GlobalSection(ProjectConfigurationPlatforms) = postSolution
		{6691C688-7C2D-4948-AD37-47E88B63C9E5}.Debug|Any CPU.ActiveCfg = Debug|Any CPU
		{6691C688-7C2D-4948-AD37-47E88B63C9E5}.Debug|Any CPU.Build.0 = Debug|Any CPU
		{6691C688-7C2D-4948-AD37-47E88B63C9E5}.Release|Any CPU.ActiveCfg = Release|Any CPU
		{6691C688-7C2D-4948-AD37-47E88B63C9E5}.Release|Any CPU.Build.0 = Release|Any CPU
	EndGlobalSection
	GlobalSection(SolutionProperties) = preSolution
		HideSolutionNode = FALSE
	EndGlobalSection
	GlobalSection(ExtensibilityGlobals) = postSolution
		SolutionGuid = {180DDB92-13A0-423B-89B6-873F7DB04B76}
	EndGlobalSection
EndGlobal
